
Microsoft Visual Studio Solution File, Format Version 12.00
# Visual Studio 15
VisualStudioVersion = 15.0.28307.539
MinimumVisualStudioVersion = 10.0.40219.1
Project("{888888A0-9F3D-457C-B088-3A5042F75D52}") = "workspace", "workspace.pyproj", "{17B9256A-C30B-4266-A567-0DB032454440}"
EndProject
Global
	GlobalSection(SolutionConfigurationPlatforms) = preSolution
		Debug|Any CPU = Debug|Any CPU
		Release|Any CPU = Release|Any CPU
	EndGlobalSection
	GlobalSection(ProjectConfigurationPlatforms) = postSolution
		{17B9256A-C30B-4266-A567-0DB032454440}.Debug|Any CPU.ActiveCfg = Debug|Any CPU
		{17B9256A-C30B-4266-A567-0DB032454440}.Release|Any CPU.ActiveCfg = Release|Any CPU
	EndGlobalSection
	GlobalSection(SolutionProperties) = preSolution
		HideSolutionNode = FALSE
	EndGlobalSection
	GlobalSection(ExtensibilityGlobals) = postSolution
		SolutionGuid = {D3FC443A-86A9-4CE2-BFA8-2A9DEF7CE987}
	EndGlobalSection
EndGlobal
